
Microsoft Visual Studio Solution File, Format Version 12.00
# Visual Studio Version 17
VisualStudioVersion = 17.0.31903.59
MinimumVisualStudioVersion = 10.0.40219.1
Project("{2150E333-8FDC-42A3-9474-1A3956D46DE8}") = "src", "src", "{827E0CD3-B72D-47B6-A68D-7590B98EB39B}"
EndProject
Project("{FAE04EC0-301F-11D3-BF4B-00C04F79EFBC}") = "Kairos.Domain", "src\Kairos.Domain\Kairos.Domain.csproj", "{AAC09947-7332-4F66-814C-C545B50D7CD4}"
EndProject
Project("{FAE04EC0-301F-11D3-BF4B-00C04F79EFBC}") = "Kairos.Application", "src\Kairos.Application\Kairos.Application.csproj", "{15F9A95F-5F1F-422C-AAB0-5E6814E94ABB}"
EndProject
Project("{FAE04EC0-301F-11D3-BF4B-00C04F79EFBC}") = "Kairos.Infrastructure", "src\Kairos.Infrastructure\Kairos.Infrastructure.csproj", "{1FEAAED7-CFAF-4240-8C0E-EC254E84F627}"
EndProject
Project("{FAE04EC0-301F-11D3-BF4B-00C04F79EFBC}") = "Kairos.Api", "src\Kairos.Api\Kairos.Api.csproj", "{40702B51-409A-496A-9A3E-F938E85D729D}"
EndProject
Global
	GlobalSection(SolutionConfigurationPlatforms) = preSolution
		Debug|Any CPU = Debug|Any CPU
		Debug|x64 = Debug|x64
		Debug|x86 = Debug|x86
		Release|Any CPU = Release|Any CPU
		Release|x64 = Release|x64
		Release|x86 = Release|x86
	EndGlobalSection
	GlobalSection(ProjectConfigurationPlatforms) = postSolution
		{AAC09947-7332-4F66-814C-C545B50D7CD4}.Debug|Any CPU.ActiveCfg = Debug|Any CPU
		{AAC09947-7332-4F66-814C-C545B50D7CD4}.Debug|Any CPU.Build.0 = Debug|Any CPU
		{AAC09947-7332-4F66-814C-C545B50D7CD4}.Debug|x64.ActiveCfg = Debug|Any CPU
		{AAC09947-7332-4F66-814C-C545B50D7CD4}.Debug|x64.Build.0 = Debug|Any CPU
		{AAC09947-7332-4F66-814C-C545B50D7CD4}.Debug|x86.ActiveCfg = Debug|Any CPU
		{AAC09947-7332-4F66-814C-C545B50D7CD4}.Debug|x86.Build.0 = Debug|Any CPU
		{AAC09947-7332-4F66-814C-C545B50D7CD4}.Release|Any CPU.ActiveCfg = Release|Any CPU
		{AAC09947-7332-4F66-814C-C545B50D7CD4}.Release|Any CPU.Build.0 = Release|Any CPU
		{AAC09947-7332-4F66-814C-C545B50D7CD4}.Release|x64.ActiveCfg = Release|Any CPU
		{AAC09947-7332-4F66-814C-C545B50D7CD4}.Release|x64.Build.0 = Release|Any CPU
		{AAC09947-7332-4F66-814C-C545B50D7CD4}.Release|x86.ActiveCfg = Release|Any CPU
		{AAC09947-7332-4F66-814C-C545B50D7CD4}.Release|x86.Build.0 = Release|Any CPU
		{15F9A95F-5F1F-422C-AAB0-5E6814E94ABB}.Debug|Any CPU.ActiveCfg = Debug|Any CPU
		{15F9A95F-5F1F-422C-AAB0-5E6814E94ABB}.Debug|Any CPU.Build.0 = Debug|Any CPU
		{15F9A95F-5F1F-422C-AAB0-5E6814E94ABB}.Debug|x64.ActiveCfg = Debug|Any CPU
		{15F9A95F-5F1F-422C-AAB0-5E6814E94ABB}.Debug|x64.Build.0 = Debug|Any CPU
		{15F9A95F-5F1F-422C-AAB0-5E6814E94ABB}.Debug|x86.ActiveCfg = Debug|Any CPU
		{15F9A95F-5F1F-422C-AAB0-5E6814E94ABB}.Debug|x86.Build.0 = Debug|Any CPU
		{15F9A95F-5F1F-422C-AAB0-5E6814E94ABB}.Release|Any CPU.ActiveCfg = Release|Any CPU
		{15F9A95F-5F1F-422C-AAB0-5E6814E94ABB}.Release|Any CPU.Build.0 = Release|Any CPU
		{15F9A95F-5F1F-422C-AAB0-5E6814E94ABB}.Release|x64.ActiveCfg = Release|Any CPU
		{15F9A95F-5F1F-422C-AAB0-5E6814E94ABB}.Release|x64.Build.0 = Release|Any CPU
		{15F9A95F-5F1F-422C-AAB0-5E6814E94ABB}.Release|x86.ActiveCfg = Release|Any CPU
		{15F9A95F-5F1F-422C-AAB0-5E6814E94ABB}.Release|x86.Build.0 = Release|Any CPU
		{1FEAAED7-CFAF-4240-8C0E-EC254E84F627}.Debug|Any CPU.ActiveCfg = Debug|Any CPU
		{1FEAAED7-CFAF-4240-8C0E-EC254E84F627}.Debug|Any CPU.Build.0 = Debug|Any CPU
		{1FEAAED7-CFAF-4240-8C0E-EC254E84F627}.Debug|x64.ActiveCfg = Debug|Any CPU
		{1FEAAED7-CFAF-4240-8C0E-EC254E84F627}.Debug|x64.Build.0 = Debug|Any CPU
		{1FEAAED7-CFAF-4240-8C0E-EC254E84F627}.Debug|x86.ActiveCfg = Debug|Any CPU
		{1FEAAED7-CFAF-4240-8C0E-EC254E84F627}.Debug|x86.Build.0 = Debug|Any CPU
		{1FEAAED7-CFAF-4240-8C0E-EC254E84F627}.Release|Any CPU.ActiveCfg = Release|Any CPU
		{1FEAAED7-CFAF-4240-8C0E-EC254E84F627}.Release|Any CPU.Build.0 = Release|Any CPU
		{1FEAAED7-CFAF-4240-8C0E-EC254E84F627}.Release|x64.ActiveCfg = Release|Any CPU
		{1FEAAED7-CFAF-4240-8C0E-EC254E84F627}.Release|x64.Build.0 = Release|Any CPU
		{1FEAAED7-CFAF-4240-8C0E-EC254E84F627}.Release|x86.ActiveCfg = Release|Any CPU
		{1FEAAED7-CFAF-4240-8C0E-EC254E84F627}.Release|x86.Build.0 = Release|Any CPU
		{40702B51-409A-496A-9A3E-F938E85D729D}.Debug|Any CPU.ActiveCfg = Debug|Any CPU
		{40702B51-409A-496A-9A3E-F938E85D729D}.Debug|Any CPU.Build.0 = Debug|Any CPU
		{40702B51-409A-496A-9A3E-F938E85D729D}.Debug|x64.ActiveCfg = Debug|Any CPU
		{40702B51-409A-496A-9A3E-F938E85D729D}.Debug|x64.Build.0 = Debug|Any CPU
		{40702B51-409A-496A-9A3E-F938E85D729D}.Debug|x86.ActiveCfg = Debug|Any CPU
		{40702B51-409A-496A-9A3E-F938E85D729D}.Debug|x86.Build.0 = Debug|Any CPU
		{40702B51-409A-496A-9A3E-F938E85D729D}.Release|Any CPU.ActiveCfg = Release|Any CPU
		{40702B51-409A-496A-9A3E-F938E85D729D}.Release|Any CPU.Build.0 = Release|Any CPU
		{40702B51-409A-496A-9A3E-F938E85D729D}.Release|x64.ActiveCfg = Release|Any CPU
		{40702B51-409A-496A-9A3E-F938E85D729D}.Release|x64.Build.0 = Release|Any CPU
		{40702B51-409A-496A-9A3E-F938E85D729D}.Release|x86.ActiveCfg = Release|Any CPU
		{40702B51-409A-496A-9A3E-F938E85D729D}.Release|x86.Build.0 = Release|Any CPU
	EndGlobalSection
	GlobalSection(SolutionProperties) = preSolution
		HideSolutionNode = FALSE
	EndGlobalSection
	GlobalSection(NestedProjects) = preSolution
		{AAC09947-7332-4F66-814C-C545B50D7CD4} = {827E0CD3-B72D-47B6-A68D-7590B98EB39B}
		{15F9A95F-5F1F-422C-AAB0-5E6814E94ABB} = {827E0CD3-B72D-47B6-A68D-7590B98EB39B}
		{1FEAAED7-CFAF-4240-8C0E-EC254E84F627} = {827E0CD3-B72D-47B6-A68D-7590B98EB39B}
		{40702B51-409A-496A-9A3E-F938E85D729D} = {827E0CD3-B72D-47B6-A68D-7590B98EB39B}
	EndGlobalSection
EndGlobal
